
Microsoft Visual Studio Solution File, Format Version 12.00
# Visual Studio 2012
Project("{FAE04EC0-301F-11D3-BF4B-00C04F79EFBC}") = "MAS-Client", "MAS-Client\MAS-Client.csproj", "{FB573D93-CFF2-4FE0-881B-77F876569398}"
EndProject
Global
	GlobalSection(SolutionConfigurationPlatforms) = preSolution
		Debug|Any CPU = Debug|Any CPU
		Release|Any CPU = Release|Any CPU
	EndGlobalSection
	GlobalSection(ProjectConfigurationPlatforms) = postSolution
		{FB573D93-CFF2-4FE0-881B-77F876569398}.Debug|Any CPU.ActiveCfg = Debug|Any CPU
		{FB573D93-CFF2-4FE0-881B-77F876569398}.Debug|Any CPU.Build.0 = Debug|Any CPU
		{FB573D93-CFF2-4FE0-881B-77F876569398}.Release|Any CPU.ActiveCfg = Release|Any CPU
		{FB573D93-CFF2-4FE0-881B-77F876569398}.Release|Any CPU.Build.0 = Release|Any CPU
	EndGlobalSection
	GlobalSection(SolutionProperties) = preSolution
		HideSolutionNode = FALSE
	EndGlobalSection
EndGlobal
